// !$*UTF8*$!
{
	archiveVersion = 1;
	classes = {
	};
	objectVersion = 46;
	objects = {

/* Begin PBXBuildFile section */
		22C828921898DB3700525E5D /* Foundation.framework in Frameworks */ = {isa = PBXBuildFile; fileRef = 22C828911898DB3700525E5D /* Foundation.framework */; };
		22C828941898DB3700525E5D /* CoreGraphics.framework in Frameworks */ = {isa = PBXBuildFile; fileRef = 22C828931898DB3700525E5D /* CoreGraphics.framework */; };
		22C828961898DB3700525E5D /* UIKit.framework in Frameworks */ = {isa = PBXBuildFile; fileRef = 22C828951898DB3700525E5D /* UIKit.framework */; };
		22C8289C1898DB3700525E5D /* InfoPlist.strings in Resources */ = {isa = PBXBuildFile; fileRef = 22C8289A1898DB3700525E5D /* InfoPlist.strings */; };
		22C8289E1898DB3700525E5D /* main.m in Sources */ = {isa = PBXBuildFile; fileRef = 22C8289D1898DB3700525E5D /* main.m */; };
		22C828A21898DB3700525E5D /* CMIAppDelegate.m in Sources */ = {isa = PBXBuildFile; fileRef = 22C828A11898DB3700525E5D /* CMIAppDelegate.m */; };
		22C828A51898DB3700525E5D /* Main.storyboard in Resources */ = {isa = PBXBuildFile; fileRef = 22C828A31898DB3700525E5D /* Main.storyboard */; };
		22C828A81898DB3700525E5D /* CMIViewController.m in Sources */ = {isa = PBXBuildFile; fileRef = 22C828A71898DB3700525E5D /* CMIViewController.m */; };
		22C828AA1898DB3700525E5D /* Images.xcassets in Resources */ = {isa = PBXBuildFile; fileRef = 22C828A91898DB3700525E5D /* Images.xcassets */; };
		22C828B11898DB3700525E5D /* XCTest.framework in Frameworks */ = {isa = PBXBuildFile; fileRef = 22C828B01898DB3700525E5D /* XCTest.framework */; };
		22C828B21898DB3700525E5D /* Foundation.framework in Frameworks */ = {isa = PBXBuildFile; fileRef = 22C828911898DB3700525E5D /* Foundation.framework */; };
		22C828B31898DB3700525E5D /* UIKit.framework in Frameworks */ = {isa = PBXBuildFile; fileRef = 22C828951898DB3700525E5D /* UIKit.framework */; };
		22C828BB1898DB3700525E5D /* InfoPlist.strings in Resources */ = {isa = PBXBuildFile; fileRef = 22C828B91898DB3700525E5D /* InfoPlist.strings */; };
		22C828BD1898DB3700525E5D /* CheckMeInTests.m in Sources */ = {isa = PBXBuildFile; fileRef = 22C828BC1898DB3700525E5D /* CheckMeInTests.m */; };
/* End PBXBuildFile section */

/* Begin PBXContainerItemProxy section */
		22C828B41898DB3700525E5D /* PBXContainerItemProxy */ = {
			isa = PBXContainerItemProxy;
			containerPortal = 22C828861898DB3700525E5D /* Project object */;
			proxyType = 1;
			remoteGlobalIDString = 22C8288D1898DB3700525E5D;
			remoteInfo = CheckMeIn;
		};
/* End PBXContainerItemProxy section */

/* Begin PBXFileReference section */
		22C8288E1898DB3700525E5D /* CheckMeIn.app */ = {isa = PBXFileReference; explicitFileType = wrapper.application; includeInIndex = 0; path = CheckMeIn.app; sourceTree = BUILT_PRODUCTS_DIR; };
		22C828911898DB3700525E5D /* Foundation.framework */ = {isa = PBXFileReference; lastKnownFileType = wrapper.framework; name = Foundation.framework; path = System/Library/Frameworks/Foundation.framework; sourceTree = SDKROOT; };
		22C828931898DB3700525E5D /* CoreGraphics.framework */ = {isa = PBXFileReference; lastKnownFileType = wrapper.framework; name = CoreGraphics.framework; path = System/Library/Frameworks/CoreGraphics.framework; sourceTree = SDKROOT; };
		22C828951898DB3700525E5D /* UIKit.framework */ = {isa = PBXFileReference; lastKnownFileType = wrapper.framework; name = UIKit.framework; path = System/Library/Frameworks/UIKit.framework; sourceTree = SDKROOT; };
		22C828991898DB3700525E5D /* CheckMeIn-Info.plist */ = {isa = PBXFileReference; lastKnownFileType = text.plist.xml; path = "CheckMeIn-Info.plist"; sourceTree = "<group>"; };
		22C8289B1898DB3700525E5D /* en */ = {isa = PBXFileReference; lastKnownFileType = text.plist.strings; name = en; path = en.lproj/InfoPlist.strings; sourceTree = "<group>"; };
		22C8289D1898DB3700525E5D /* main.m */ = {isa = PBXFileReference; lastKnownFileType = sourcecode.c.objc; path = main.m; sourceTree = "<group>"; };
		22C8289F1898DB3700525E5D /* CheckMeIn-Prefix.pch */ = {isa = PBXFileReference; lastKnownFileType = sourcecode.c.h; path = "CheckMeIn-Prefix.pch"; sourceTree = "<group>"; };
		22C828A01898DB3700525E5D /* CMIAppDelegate.h */ = {isa = PBXFileReference; lastKnownFileType = sourcecode.c.h; path = CMIAppDelegate.h; sourceTree = "<group>"; };
		22C828A11898DB3700525E5D /* CMIAppDelegate.m */ = {isa = PBXFileReference; lastKnownFileType = sourcecode.c.objc; path = CMIAppDelegate.m; sourceTree = "<group>"; };
		22C828A41898DB3700525E5D /* Base */ = {isa = PBXFileReference; lastKnownFileType = file.storyboard; name = Base; path = Base.lproj/Main.storyboard; sourceTree = "<group>"; };
		22C828A61898DB3700525E5D /* CMIViewController.h */ = {isa = PBXFileReference; lastKnownFileType = sourcecode.c.h; path = CMIViewController.h; sourceTree = "<group>"; };
		22C828A71898DB3700525E5D /* CMIViewController.m */ = {isa = PBXFileReference; lastKnownFileType = sourcecode.c.objc; path = CMIViewController.m; sourceTree = "<group>"; };
		22C828A91898DB3700525E5D /* Images.xcassets */ = {isa = PBXFileReference; lastKnownFileType = folder.assetcatalog; path = Images.xcassets; sourceTree = "<group>"; };
		22C828AF1898DB3700525E5D /* CheckMeInTests.xctest */ = {isa = PBXFileReference; explicitFileType = wrapper.cfbundle; includeInIndex = 0; path = CheckMeInTests.xctest; sourceTree = BUILT_PRODUCTS_DIR; };
		22C828B01898DB3700525E5D /* XCTest.framework */ = {isa = PBXFileReference; lastKnownFileType = wrapper.framework; name = XCTest.framework; path = Library/Frameworks/XCTest.framework; sourceTree = DEVELOPER_DIR; };
		22C828B81898DB3700525E5D /* CheckMeInTests-Info.plist */ = {isa = PBXFileReference; lastKnownFileType = text.plist.xml; path = "CheckMeInTests-Info.plist"; sourceTree = "<group>"; };
		22C828BA1898DB3700525E5D /* en */ = {isa = PBXFileReference; lastKnownFileType = text.plist.strings; name = en; path = en.lproj/InfoPlist.strings; sourceTree = "<group>"; };
		22C828BC1898DB3700525E5D /* CheckMeInTests.m */ = {isa = PBXFileReference; lastKnownFileType = sourcecode.c.objc; path = CheckMeInTests.m; sourceTree = "<group>"; };
/* End PBXFileReference section */

/* Begin PBXFrameworksBuildPhase section */
		22C8288B1898DB3700525E5D /* Frameworks */ = {
			isa = PBXFrameworksBuildPhase;
			buildActionMask = 2147483647;
			files = (
				22C828941898DB3700525E5D /* CoreGraphics.framework in Frameworks */,
				22C828961898DB3700525E5D /* UIKit.framework in Frameworks */,
				22C828921898DB3700525E5D /* Foundation.framework in Frameworks */,
			);
			runOnlyForDeploymentPostprocessing = 0;
		};
		22C828AC1898DB3700525E5D /* Frameworks */ = {
			isa = PBXFrameworksBuildPhase;
			buildActionMask = 2147483647;
			files = (
				22C828B11898DB3700525E5D /* XCTest.framework in Frameworks */,
				22C828B31898DB3700525E5D /* UIKit.framework in Frameworks */,
				22C828B21898DB3700525E5D /* Foundation.framework in Frameworks */,
			);
			runOnlyForDeploymentPostprocessing = 0;
		};
/* End PBXFrameworksBuildPhase section */

/* Begin PBXGroup section */
		22C828851898DB3700525E5D = {
			isa = PBXGroup;
			children = (
				22C828971898DB3700525E5D /* CheckMeIn */,
				22C828B61898DB3700525E5D /* CheckMeInTests */,
				22C828901898DB3700525E5D /* Frameworks */,
				22C8288F1898DB3700525E5D /* Products */,
			);
			sourceTree = "<group>";
		};
		22C8288F1898DB3700525E5D /* Products */ = {
			isa = PBXGroup;
			children = (
				22C8288E1898DB3700525E5D /* CheckMeIn.app */,
				22C828AF1898DB3700525E5D /* CheckMeInTests.xctest */,
			);
			name = Products;
			sourceTree = "<group>";
		};
		22C828901898DB3700525E5D /* Frameworks */ = {
			isa = PBXGroup;
			children = (
				22C828911898DB3700525E5D /* Foundation.framework */,
				22C828931898DB3700525E5D /* CoreGraphics.framework */,
				22C828951898DB3700525E5D /* UIKit.framework */,
				22C828B01898DB3700525E5D /* XCTest.framework */,
			);
			name = Frameworks;
			sourceTree = "<group>";
		};
		22C828971898DB3700525E5D /* CheckMeIn */ = {
			isa = PBXGroup;
			children = (
				22C828A01898DB3700525E5D /* CMIAppDelegate.h */,
				22C828A11898DB3700525E5D /* CMIAppDelegate.m */,
				22C828A31898DB3700525E5D /* Main.storyboard */,
				22C828A61898DB3700525E5D /* CMIViewController.h */,
				22C828A71898DB3700525E5D /* CMIViewController.m */,
				22C828A91898DB3700525E5D /* Images.xcassets */,
				22C828981898DB3700525E5D /* Supporting Files */,
			);
			path = CheckMeIn;
			sourceTree = "<group>";
		};
		22C828981898DB3700525E5D /* Supporting Files */ = {
			isa = PBXGroup;
			children = (
				22C828991898DB3700525E5D /* CheckMeIn-Info.plist */,
				22C8289A1898DB3700525E5D /* InfoPlist.strings */,
				22C8289D1898DB3700525E5D /* main.m */,
				22C8289F1898DB3700525E5D /* CheckMeIn-Prefix.pch */,
			);
			name = "Supporting Files";
			sourceTree = "<group>";
		};
		22C828B61898DB3700525E5D /* CheckMeInTests */ = {
			isa = PBXGroup;
			children = (
				22C828BC1898DB3700525E5D /* CheckMeInTests.m */,
				22C828B71898DB3700525E5D /* Supporting Files */,
			);
			path = CheckMeInTests;
			sourceTree = "<group>";
		};
		22C828B71898DB3700525E5D /* Supporting Files */ = {
			isa = PBXGroup;
			children = (
				22C828B81898DB3700525E5D /* CheckMeInTests-Info.plist */,
				22C828B91898DB3700525E5D /* InfoPlist.strings */,
			);
			name = "Supporting Files";
			sourceTree = "<group>";
		};
/* End PBXGroup section */

/* Begin PBXNativeTarget section */
		22C8288D1898DB3700525E5D /* CheckMeIn */ = {
			isa = PBXNativeTarget;
			buildConfigurationList = 22C828C01898DB3700525E5D /* Build configuration list for PBXNativeTarget "CheckMeIn" */;
			buildPhases = (
				22C8288A1898DB3700525E5D /* Sources */,
				22C8288B1898DB3700525E5D /* Frameworks */,
				22C8288C1898DB3700525E5D /* Resources */,
			);
			buildRules = (
			);
			dependencies = (
			);
			name = CheckMeIn;
			productName = CheckMeIn;
			productReference = 22C8288E1898DB3700525E5D /* CheckMeIn.app */;
			productType = "com.apple.product-type.application";
		};
		22C828AE1898DB3700525E5D /* CheckMeInTests */ = {
			isa = PBXNativeTarget;
			buildConfigurationList = 22C828C31898DB3700525E5D /* Build configuration list for PBXNativeTarget "CheckMeInTests" */;
			buildPhases = (
				22C828AB1898DB3700525E5D /* Sources */,
				22C828AC1898DB3700525E5D /* Frameworks */,
				22C828AD1898DB3700525E5D /* Resources */,
			);
			buildRules = (
			);
			dependencies = (
				22C828B51898DB3700525E5D /* PBXTargetDependency */,
			);
			name = CheckMeInTests;
			productName = CheckMeInTests;
			productReference = 22C828AF1898DB3700525E5D /* CheckMeInTests.xctest */;
			productType = "com.apple.product-type.bundle.unit-test";
		};
/* End PBXNativeTarget section */

/* Begin PBXProject section */
		22C828861898DB3700525E5D /* Project object */ = {
			isa = PBXProject;
			attributes = {
				CLASSPREFIX = CMI;
				LastUpgradeCheck = 0500;
				ORGANIZATIONNAME = "Deniz Aydemir";
				TargetAttributes = {
					22C828AE1898DB3700525E5D = {
						TestTargetID = 22C8288D1898DB3700525E5D;
					};
				};
			};
			buildConfigurationList = 22C828891898DB3700525E5D /* Build configuration list for PBXProject "CheckMeIn" */;
			compatibilityVersion = "Xcode 3.2";
			developmentRegion = English;
			hasScannedForEncodings = 0;
			knownRegions = (
				en,
				Base,
			);
			mainGroup = 22C828851898DB3700525E5D;
			productRefGroup = 22C8288F1898DB3700525E5D /* Products */;
			projectDirPath = "";
			projectRoot = "";
			targets = (
				22C8288D1898DB3700525E5D /* CheckMeIn */,
				22C828AE1898DB3700525E5D /* CheckMeInTests */,
			);
		};
/* End PBXProject section */

/* Begin PBXResourcesBuildPhase section */
		22C8288C1898DB3700525E5D /* Resources */ = {
			isa = PBXResourcesBuildPhase;
			buildActionMask = 2147483647;
			files = (
				22C828AA1898DB3700525E5D /* Images.xcassets in Resources */,
				22C8289C1898DB3700525E5D /* InfoPlist.strings in Resources */,
				22C828A51898DB3700525E5D /* Main.storyboard in Resources */,
			);
			runOnlyForDeploymentPostprocessing = 0;
		};
		22C828AD1898DB3700525E5D /* Resources */ = {
			isa = PBXResourcesBuildPhase;
			buildActionMask = 2147483647;
			files = (
				22C828BB1898DB3700525E5D /* InfoPlist.strings in Resources */,
			);
			runOnlyForDeploymentPostprocessing = 0;
		};
/* End PBXResourcesBuildPhase section */

/* Begin PBXSourcesBuildPhase section */
		22C8288A1898DB3700525E5D /* Sources */ = {
			isa = PBXSourcesBuildPhase;
			buildActionMask = 2147483647;
			files = (
				22C828A21898DB3700525E5D /* CMIAppDelegate.m in Sources */,
				22C828A81898DB3700525E5D /* CMIViewController.m in Sources */,
				22C8289E1898DB3700525E5D /* main.m in Sources */,
			);
			runOnlyForDeploymentPostprocessing = 0;
		};
		22C828AB1898DB3700525E5D /* Sources */ = {
			isa = PBXSourcesBuildPhase;
			buildActionMask = 2147483647;
			files = (
				22C828BD1898DB3700525E5D /* CheckMeInTests.m in Sources */,
			);
			runOnlyForDeploymentPostprocessing = 0;
		};
/* End PBXSourcesBuildPhase section */

/* Begin PBXTargetDependency section */
		22C828B51898DB3700525E5D /* PBXTargetDependency */ = {
			isa = PBXTargetDependency;
			target = 22C8288D1898DB3700525E5D /* CheckMeIn */;
			targetProxy = 22C828B41898DB3700525E5D /* PBXContainerItemProxy */;
		};
/* End PBXTargetDependency section */

/* Begin PBXVariantGroup section */
		22C8289A1898DB3700525E5D /* InfoPlist.strings */ = {
			isa = PBXVariantGroup;
			children = (
				22C8289B1898DB3700525E5D /* en */,
			);
			name = InfoPlist.strings;
			sourceTree = "<group>";
		};
		22C828A31898DB3700525E5D /* Main.storyboard */ = {
			isa = PBXVariantGroup;
			children = (
				22C828A41898DB3700525E5D /* Base */,
			);
			name = Main.storyboard;
			sourceTree = "<group>";
		};
		22C828B91898DB3700525E5D /* InfoPlist.strings */ = {
			isa = PBXVariantGroup;
			children = (
				22C828BA1898DB3700525E5D /* en */,
			);
			name = InfoPlist.strings;
			sourceTree = "<group>";
		};
/* End PBXVariantGroup section */

/* Begin XCBuildConfiguration section */
		22C828BE1898DB3700525E5D /* Debug */ = {
			isa = XCBuildConfiguration;
			buildSettings = {
				ALWAYS_SEARCH_USER_PATHS = NO;
				ARCHS = "$(ARCHS_STANDARD_INCLUDING_64_BIT)";
				CLANG_CXX_LANGUAGE_STANDARD = "gnu++0x";
				CLANG_CXX_LIBRARY = "libc++";
				CLANG_ENABLE_MODULES = YES;
				CLANG_ENABLE_OBJC_ARC = YES;
				CLANG_WARN_BOOL_CONVERSION = YES;
				CLANG_WARN_CONSTANT_CONVERSION = YES;
				CLANG_WARN_DIRECT_OBJC_ISA_USAGE = YES_ERROR;
				CLANG_WARN_EMPTY_BODY = YES;
				CLANG_WARN_ENUM_CONVERSION = YES;
				CLANG_WARN_INT_CONVERSION = YES;
				CLANG_WARN_OBJC_ROOT_CLASS = YES_ERROR;
				CLANG_WARN__DUPLICATE_METHOD_MATCH = YES;
				"CODE_SIGN_IDENTITY[sdk=iphoneos*]" = "iPhone Developer";
				COPY_PHASE_STRIP = NO;
				GCC_C_LANGUAGE_STANDARD = gnu99;
				GCC_DYNAMIC_NO_PIC = NO;
				GCC_OPTIMIZATION_LEVEL = 0;
				GCC_PREPROCESSOR_DEFINITIONS = (
					"DEBUG=1",
					"$(inherited)",
				);
				GCC_SYMBOLS_PRIVATE_EXTERN = NO;
				GCC_WARN_64_TO_32_BIT_CONVERSION = YES;
				GCC_WARN_ABOUT_RETURN_TYPE = YES_ERROR;
				GCC_WARN_UNDECLARED_SELECTOR = YES;
				GCC_WARN_UNINITIALIZED_AUTOS = YES;
				GCC_WARN_UNUSED_FUNCTION = YES;
				GCC_WARN_UNUSED_VARIABLE = YES;
				IPHONEOS_DEPLOYMENT_TARGET = 7.0;
				ONLY_ACTIVE_ARCH = YES;
				SDKROOT = iphoneos;
			};
			name = Debug;
		};
		22C828BF1898DB3700525E5D /* Release */ = {
			isa = XCBuildConfiguration;
			buildSettings = {
				ALWAYS_SEARCH_USER_PATHS = NO;
				ARCHS = "$(ARCHS_STANDARD_INCLUDING_64_BIT)";
				CLANG_CXX_LANGUAGE_STANDARD = "gnu++0x";
				CLANG_CXX_LIBRARY = "libc++";
				CLANG_ENABLE_MODULES = YES;
				CLANG_ENABLE_OBJC_ARC = YES;
				CLANG_WARN_BOOL_CONVERSION = YES;
				CLANG_WARN_CONSTANT_CONVERSION = YES;
				CLANG_WARN_DIRECT_OBJC_ISA_USAGE = YES_ERROR;
				CLANG_WARN_EMPTY_BODY = YES;
				CLANG_WARN_ENUM_CONVERSION = YES;
				CLANG_WARN_INT_CONVERSION = YES;
				CLANG_WARN_OBJC_ROOT_CLASS = YES_ERROR;
				CLANG_WARN__DUPLICATE_METHOD_MATCH = YES;
				"CODE_SIGN_IDENTITY[sdk=iphoneos*]" = "iPhone Developer";
				COPY_PHASE_STRIP = YES;
				ENABLE_NS_ASSERTIONS = NO;
				GCC_C_LANGUAGE_STANDARD = gnu99;
				GCC_WARN_64_TO_32_BIT_CONVERSION = YES;
				GCC_WARN_ABOUT_RETURN_TYPE = YES_ERROR;
				GCC_WARN_UNDECLARED_SELECTOR = YES;
				GCC_WARN_UNINITIALIZED_AUTOS = YES;
				GCC_WARN_UNUSED_FUNCTION = YES;
				GCC_WARN_UNUSED_VARIABLE = YES;
				IPHONEOS_DEPLOYMENT_TARGET = 7.0;
				SDKROOT = iphoneos;
				VALIDATE_PRODUCT = YES;
			};
			name = Release;
		};
		22C828C11898DB3700525E5D /* Debug */ = {
			isa = XCBuildConfiguration;
			buildSettings = {
				ASSETCATALOG_COMPILER_APPICON_NAME = AppIcon;
				ASSETCATALOG_COMPILER_LAUNCHIMAGE_NAME = LaunchImage;
				GCC_PRECOMPILE_PREFIX_HEADER = YES;
				GCC_PREFIX_HEADER = "CheckMeIn/CheckMeIn-Prefix.pch";
				INFOPLIST_FILE = "CheckMeIn/CheckMeIn-Info.plist";
				PRODUCT_NAME = "$(TARGET_NAME)";
				WRAPPER_EXTENSION = app;
			};
			name = Debug;
		};
		22C828C21898DB3700525E5D /* Release */ = {
			isa = XCBuildConfiguration;
			buildSettings = {
				ASSETCATALOG_COMPILER_APPICON_NAME = AppIcon;
				ASSETCATALOG_COMPILER_LAUNCHIMAGE_NAME = LaunchImage;
				GCC_PRECOMPILE_PREFIX_HEADER = YES;
				GCC_PREFIX_HEADER = "CheckMeIn/CheckMeIn-Prefix.pch";
				INFOPLIST_FILE = "CheckMeIn/CheckMeIn-Info.plist";
				PRODUCT_NAME = "$(TARGET_NAME)";
				WRAPPER_EXTENSION = app;
			};
			name = Release;
		};
		22C828C41898DB3700525E5D /* Debug */ = {
			isa = XCBuildConfiguration;
			buildSettings = {
				ARCHS = "$(ARCHS_STANDARD_INCLUDING_64_BIT)";
				BUNDLE_LOADER = "$(BUILT_PRODUCTS_DIR)/CheckMeIn.app/CheckMeIn";
				FRAMEWORK_SEARCH_PATHS = (
					"$(SDKROOT)/Developer/Library/Frameworks",
					"$(inherited)",
					"$(DEVELOPER_FRAMEWORKS_DIR)",
				);
				GCC_PRECOMPILE_PREFIX_HEADER = YES;
				GCC_PREFIX_HEADER = "CheckMeIn/CheckMeIn-Prefix.pch";
				GCC_PREPROCESSOR_DEFINITIONS = (
					"DEBUG=1",
					"$(inherited)",
				);
				INFOPLIST_FILE = "CheckMeInTests/CheckMeInTests-Info.plist";
				PRODUCT_NAME = "$(TARGET_NAME)";
				TEST_HOST = "$(BUNDLE_LOADER)";
				WRAPPER_EXTENSION = xctest;
			};
			name = Debug;
		};
		22C828C51898DB3700525E5D /* Release */ = {
			isa = XCBuildConfiguration;
			buildSettings = {
				ARCHS = "$(ARCHS_STANDARD_INCLUDING_64_BIT)";
				BUNDLE_LOADER = "$(BUILT_PRODUCTS_DIR)/CheckMeIn.app/CheckMeIn";
				FRAMEWORK_SEARCH_PATHS = (
					"$(SDKROOT)/Developer/Library/Frameworks",
					"$(inherited)",
					"$(DEVELOPER_FRAMEWORKS_DIR)",
				);
				GCC_PRECOMPILE_PREFIX_HEADER = YES;
				GCC_PREFIX_HEADER = "CheckMeIn/CheckMeIn-Prefix.pch";
				INFOPLIST_FILE = "CheckMeInTests/CheckMeInTests-Info.plist";
				PRODUCT_NAME = "$(TARGET_NAME)";
				TEST_HOST = "$(BUNDLE_LOADER)";
				WRAPPER_EXTENSION = xctest;
			};
			name = Release;
		};
/* End XCBuildConfiguration section */

/* Begin XCConfigurationList section */
		22C828891898DB3700525E5D /* Build configuration list for PBXProject "CheckMeIn" */ = {
			isa = XCConfigurationList;
			buildConfigurations = (
				22C828BE1898DB3700525E5D /* Debug */,
				22C828BF1898DB3700525E5D /* Release */,
			);
			defaultConfigurationIsVisible = 0;
			defaultConfigurationName = Release;
		};
		22C828C01898DB3700525E5D /* Build configuration list for PBXNativeTarget "CheckMeIn" */ = {
			isa = XCConfigurationList;
			buildConfigurations = (
				22C828C11898DB3700525E5D /* Debug */,
				22C828C21898DB3700525E5D /* Release */,
			);
			defaultConfigurationIsVisible = 0;
		};
		22C828C31898DB3700525E5D /* Build configuration list for PBXNativeTarget "CheckMeInTests" */ = {
			isa = XCConfigurationList;
			buildConfigurations = (
				22C828C41898DB3700525E5D /* Debug */,
				22C828C51898DB3700525E5D /* Release */,
			);
			defaultConfigurationIsVisible = 0;
		};
/* End XCConfigurationList section */
	};
	rootObject = 22C828861898DB3700525E5D /* Project object */;
}
